
Microsoft Visual Studio Solution File, Format Version 12.00
# Visual Studio Version 17
VisualStudioVersion = 17.3.32901.215
MinimumVisualStudioVersion = 10.0.40219.1
Project("{FAE04EC0-301F-11D3-BF4B-00C04F79EFBC}") = "CSVsAssignment", "CSVsAssignment.csproj", "{FB222C1C-F93D-44F4-9A0C-F4D85BB09E4F}"
EndProject
Global
	GlobalSection(SolutionConfigurationPlatforms) = preSolution
		Debug|Any CPU = Debug|Any CPU
		Release|Any CPU = Release|Any CPU
	EndGlobalSection
	GlobalSection(ProjectConfigurationPlatforms) = postSolution
		{FB222C1C-F93D-44F4-9A0C-F4D85BB09E4F}.Debug|Any CPU.ActiveCfg = Debug|Any CPU
		{FB222C1C-F93D-44F4-9A0C-F4D85BB09E4F}.Debug|Any CPU.Build.0 = Debug|Any CPU
		{FB222C1C-F93D-44F4-9A0C-F4D85BB09E4F}.Release|Any CPU.ActiveCfg = Release|Any CPU
		{FB222C1C-F93D-44F4-9A0C-F4D85BB09E4F}.Release|Any CPU.Build.0 = Release|Any CPU
	EndGlobalSection
	GlobalSection(SolutionProperties) = preSolution
		HideSolutionNode = FALSE
	EndGlobalSection
	GlobalSection(ExtensibilityGlobals) = postSolution
		SolutionGuid = {5B2D30DF-E07D-492B-977A-0409AF5FF9E1}
	EndGlobalSection
EndGlobal
